
Microsoft Visual Studio Solution File, Format Version 12.00
Project("{FAE04EC0-301F-11D3-BF4B-00C04F79EFBC}") = "WebAPI", "WebAPI\WebAPI.csproj", "{BB0DC63A-9460-4885-AD25-8C85C3821355}"
EndProject
Global
	GlobalSection(SolutionConfigurationPlatforms) = preSolution
		Debug|Any CPU = Debug|Any CPU
		Release|Any CPU = Release|Any CPU
	EndGlobalSection
	GlobalSection(ProjectConfigurationPlatforms) = postSolution
		{BB0DC63A-9460-4885-AD25-8C85C3821355}.Debug|Any CPU.ActiveCfg = Debug|Any CPU
		{BB0DC63A-9460-4885-AD25-8C85C3821355}.Debug|Any CPU.Build.0 = Debug|Any CPU
		{BB0DC63A-9460-4885-AD25-8C85C3821355}.Release|Any CPU.ActiveCfg = Release|Any CPU
		{BB0DC63A-9460-4885-AD25-8C85C3821355}.Release|Any CPU.Build.0 = Release|Any CPU
	EndGlobalSection
EndGlobal
